PODS:
  - AFNetworking (3.1.0):
    - AFNetworking/NSURLSession (= 3.1.0)
    - AFNetworking/Reachability (= 3.1.0)
    - AFNetworking/Security (= 3.1.0)
    - AFNetworking/Serialization (= 3.1.0)
    - AFNetworking/UIKit (= 3.1.0)
  - AFNetworking/NSURLSession (3.1.0):
    - AFNetworking/Reachability
    - AFNetworking/Security
    - AFNetworking/Serialization
  - AFNetworking/Reachability (3.1.0)
  - AFNetworking/Security (3.1.0)
  - AFNetworking/Serialization (3.1.0)
  - AFNetworking/UIKit (3.1.0):
    - AFNetworking/NSURLSession
  - BaiduMapKit (3.0.0)
  - FMDB (2.6.2):
    - FMDB/standard (= 2.6.2)
  - FMDB/standard (2.6.2)
  - GCDObjC (0.2.0)
  - iOS-AlipaySDK (3.0.2):
    - iOS-AlipaySDK/Core (= 3.0.2)
  - iOS-AlipaySDK/Core (3.0.2)
  - IQKeyboardManager (4.0.3)
  - Masonry (0.6.4)
  - MBProgressHUD (0.9.2)
  - MJRefresh (3.0.8)
  - MOBFoundation (1.5.3)
  - RDGPUImage (0.1.1)
  - Reachability (3.2)
  - RongCloudIMKitWithVoip (2.6.3)
  - SDWebImage (3.7.6):
    - SDWebImage/Core (= 3.7.6)
  - SDWebImage/Core (3.7.6)
  - ShareSDK3 (3.3.1):
    - ShareSDK3/ShareSDK (= 3.3.1)
  - ShareSDK3/ShareSDK (3.3.1)
  - ShareSDK3/ShareSDKPlatforms/QQ (3.3.1)
  - ShareSDK3/ShareSDKPlatforms/SinaWeibo (3.3.1)
  - ShareSDK3/ShareSDKPlatforms/WeChat (3.3.1)
  - ShareSDK3/ShareSDKUI (3.3.1)
  - ZFPlayer (1.1.6):
    - Masonry

DEPENDENCIES:
  - AFNetworking (~> 3.1.0)
  - BaiduMapKit (~> 3.0.0)
  - FMDB (~> 2.6)
  - GCDObjC (~> 0.2.0)
  - iOS-AlipaySDK (~> 3.0.2)
  - IQKeyboardManager (~> 4.0.3)
  - Masonry (~> 0.6.4)
  - MBProgressHUD (~> 0.9.2)
  - MJRefresh (~> 3.0.8)
  - MOBFoundation
  - RDGPUImage (~> 0.1.1)
  - Reachability (~> 3.2)
  - RongCloudIMKitWithVoip (~> 2.6.3)
  - SDWebImage (~> 3.7.6)
  - ShareSDK3 (~> 3.3.1)
  - ShareSDK3/ShareSDKPlatforms/QQ
  - ShareSDK3/ShareSDKPlatforms/SinaWeibo
  - ShareSDK3/ShareSDKPlatforms/WeChat
  - ShareSDK3/ShareSDKUI
  - ZFPlayer

SPEC CHECKSUMS:
  AFNetworking: 5e0e199f73d8626b11e79750991f5d173d1f8b67
  BaiduMapKit: de2a726d5296d6b2dc0e974b683af73153608dcd
  FMDB: 854a0341b4726e53276f2a8996f06f1b80f9259a
  GCDObjC: adcd9941029e3628de539347d3a6777470a65998
  iOS-AlipaySDK: 97d1c1fe06083e5bf2d9b56981cf469eeb508b78
  IQKeyboardManager: be9695ffc5a52077deb4847608f338771022d6d1
  Masonry: 281802d04d787ea2973179ee8bcb50500579ede2
  MBProgressHUD: 1569cf7ace17a8bac47aabfbb8580a49690386d1
  MJRefresh: fafde8f18f4afd66b434331a9beb67a6c0264056
  MOBFoundation: 1a4f9865c777e76f069050c4990602c668126a89
  RDGPUImage: e583ce815f30c1e7b2d0f81e4d6ff86345204c22
  Reachability: 33e18b67625424e47b6cde6d202dce689ad7af96
  RongCloudIMKitWithVoip: 2f698aa5acf4ca552ac5bc2e2fea46a631efc8f8
  SDWebImage: c325cf02c30337336b95beff20a13df489ec0ec9
  ShareSDK3: 8423b4dca9f5a3a210d536fc4f0c4b1555022810
  ZFPlayer: b5721fef3f01022beeef66012c13cc1c145983ed

COCOAPODS: 0.39.0
